hash: 92e25ff1ff7d4e7802b22bbef0dda7a873d90ef3823bef0e0ba859364cd63a88
updated: 2020-08-27T14:37:28.119756-04:00
imports:
- name: github.com/m3db/bitset
  version: 07973db6b78acb62ac207d0538055e874b49d90d
- name: github.com/m3db/stackmurmur3
  version: 744c0229c12ed0e4f8cb9d081a2692b3300bf705
- name: github.com/spaolacci/murmur3
  version: 0d12bf811670bf6a1a63828dfbd003eded177fce
- name: github.com/twmb/murmur3
  version: a57a9e6e8d2a5858df4163dd85863a6a9d9c5474
testImports:
- name: github.com/davecgh/go-spew
  version: 5215b55f46b2b919f50a1df0eaa5886afe4e3b3d
  subpackages:
  - spew
- name: github.com/pmezard/go-difflib
  version: d8ed2627bdf02c080bf22230dbb337003b7aba2d
  subpackages:
  - difflib
- name: github.com/stretchr/testify
  version: 6fe211e493929a8aac0469b93f28b1d0688a9a3a
  subpackages:
  - assert
  - require
